{
  "name": "inventory_management",
  "lockfileVersion": 3,
  "requires": true,
  "packages": {
    "": {
      "devDependencies": {
        "react-barcode-detection": "^0.0.15"
      }
    },
    "node_modules/eslint-config-react-seq": {
      "version": "0.0.2",
      "resolved": "https://registry.npmjs.org/eslint-config-react-seq/-/eslint-config-react-seq-0.0.2.tgz",
      "integrity": "sha512-DpjSFxl6PSRLD587ohOh+vrt2+rcaKMe/r3z/plzMyywObXCQl1XZPC8n6XV4NfwfrKJMDd85wGBbGaJp7jdDw==",
      "dev": true,
      "peer": true
    },
    "node_modules/js-tokens": {
      "version": "4.0.0",
      "resolved": "https://registry.npmjs.org/js-tokens/-/js-tokens-4.0.0.tgz",
      "integrity": "sha512-RdJUflcE3cUzKiMqQgsCu06FPu9UdIJO0beYbPhHN4k6apgJtifcoCtT9bcxOpYBtpD2kCM6Sbzg4CausW/PKQ==",
      "dev": true,
      "peer": true
    },
    "node_modules/jsqr": {
      "version": "1.4.0",
      "resolved": "https://registry.npmjs.org/jsqr/-/jsqr-1.4.0.tgz",
      "integrity": "sha512-dxLob7q65Xg2DvstYkRpkYtmKm2sPJ9oFhrhmudT1dZvNFFTlroai3AWSpLey/w5vMcLBXRgOJsbXpdN9HzU/A==",
      "dev": true
    },
    "node_modules/loose-envify": {
      "version": "1.4.0",
      "resolved": "https://registry.npmjs.org/loose-envify/-/loose-envify-1.4.0.tgz",
      "integrity": "sha512-lyuxPGr/Wfhrlem2CL/UcnUc1zcqKAImBDzukY7Y5F/yQiNdko6+fRLevlw1HgMySw7f611UIY408EtxRSoK3Q==",
      "dev": true,
      "peer": true,
      "dependencies": {
        "js-tokens": "^3.0.0 || ^4.0.0"
      },
      "bin": {
        "loose-envify": "cli.js"
      }
    },
    "node_modules/react": {
      "version": "18.2.0",
      "resolved": "https://registry.npmjs.org/react/-/react-18.2.0.tgz",
      "integrity": "sha512-/3IjMdb2L9QbBdWiW5e3P2/npwMBaU9mHCSCUzNln0ZCYbcfTsGbTJrU/kGemdH2IWmB2ioZ+zkxtmq6g09fGQ==",
      "dev": true,
      "peer": true,
      "dependencies": {
        "loose-envify": "^1.1.0"
      },
      "engines": {
        "node": ">=0.10.0"
      }
    },
    "node_modules/react-barcode-detection": {
      "version": "0.0.15",
      "resolved": "https://registry.npmjs.org/react-barcode-detection/-/react-barcode-detection-0.0.15.tgz",
      "integrity": "sha512-/snA6mSB2tu71sCZp2x4KUXLosTJNF+o83vYB+MzbXUY9Nx+WuKgieAxdu6Jnp2TRp65RtkdatPLZcZtFWbXdQ==",
      "dev": true,
      "dependencies": {
        "jsqr": "^1.4.0",
        "react-media-capture": "^0.0.12"
      }
    },
    "node_modules/react-media-capture": {
      "version": "0.0.12",
      "resolved": "https://registry.npmjs.org/react-media-capture/-/react-media-capture-0.0.12.tgz",
      "integrity": "sha512-6++sZjubaA/8iOfmsZaCdHleCkZodt2of3uZbrNSGQSR5qFht9jKx3IWHJU1Dbj3peKiUUB6erpzjYtyU/7USQ==",
      "dev": true,
      "peerDependencies": {
        "react-seq": ">= 0.9.0"
      }
    },
    "node_modules/react-seq": {
      "version": "0.9.1",
      "resolved": "https://registry.npmjs.org/react-seq/-/react-seq-0.9.1.tgz",
      "integrity": "sha512-2ENtJC9TFet0yr0qy9bgKp4m2k5jfapxQwqMGxSvWUgGyCl0CNrTOxN7goXH5AsP8L7veqV5SJLTsfAx2DSM7w==",
      "dev": true,
      "peer": true,
      "dependencies": {
        "eslint-config-react-seq": "^0.0.2"
      },
      "peerDependencies": {
        "react": ">= 18.0"
      }
    }
  }
}
